
Microsoft Visual Studio Solution File, Format Version 12.00
# Visual Studio 15
VisualStudioVersion = 15.0.28307.106
MinimumVisualStudioVersion = 10.0.40219.1
Project("{8BC9CEB8-8B4A-11D0-8D11-00A0C91BC942}") = "Project1", "Project1.vcxproj", "{FDAFFBD6-5A6A-497E-8A8F-E6F7B36EBA53}"
EndProject
Global
	GlobalSection(SolutionConfigurationPlatforms) = preSolution
		Debug|x64 = Debug|x64
		Debug|x86 = Debug|x86
		Release|x64 = Release|x64
		Release|x86 = Release|x86
	EndGlobalSection
	GlobalSection(ProjectConfigurationPlatforms) = postSolution
		{FDAFFBD6-5A6A-497E-8A8F-E6F7B36EBA53}.Debug|x64.ActiveCfg = Debug|x64
		{FDAFFBD6-5A6A-497E-8A8F-E6F7B36EBA53}.Debug|x64.Build.0 = Debug|x64
		{FDAFFBD6-5A6A-497E-8A8F-E6F7B36EBA53}.Debug|x86.ActiveCfg = Debug|Win32
		{FDAFFBD6-5A6A-497E-8A8F-E6F7B36EBA53}.Debug|x86.Build.0 = Debug|Win32
		{FDAFFBD6-5A6A-497E-8A8F-E6F7B36EBA53}.Release|x64.ActiveCfg = Release|x64
		{FDAFFBD6-5A6A-497E-8A8F-E6F7B36EBA53}.Release|x64.Build.0 = Release|x64
		{FDAFFBD6-5A6A-497E-8A8F-E6F7B36EBA53}.Release|x86.ActiveCfg = Release|Win32
		{FDAFFBD6-5A6A-497E-8A8F-E6F7B36EBA53}.Release|x86.Build.0 = Release|Win32
	EndGlobalSection
	GlobalSection(SolutionProperties) = preSolution
		HideSolutionNode = FALSE
	EndGlobalSection
	GlobalSection(ExtensibilityGlobals) = postSolution
		SolutionGuid = {517C14B5-C302-4932-97EA-48FB777684A1}
	EndGlobalSection
EndGlobal
